
Microsoft Visual Studio Solution File, Format Version 12.00
# Visual Studio Version 17
VisualStudioVersion = 17.2.32616.157
MinimumVisualStudioVersion = 10.0.40219.1
Project("{9A19103F-16F7-4668-BE54-9A1E7A4F7556}") = "AuctionAPIChallenge", "AuctionAPIChallenge\AuctionAPIChallenge.csproj", "{4FDEF02B-F878-4511-8E93-9BEDC6C408DA}"
EndProject
Project("{9A19103F-16F7-4668-BE54-9A1E7A4F7556}") = "AuctionAPIChallenge.Domain", "AuctionAPIChallenge.Domain\AuctionAPIChallenge.Domain.csproj", "{5B18699B-033C-47BB-AA60-215D8152C631}"
EndProject
Project("{9A19103F-16F7-4668-BE54-9A1E7A4F7556}") = "AuctionAPIChallenge.Application", "AuctionAPIChallenge.Application\AuctionAPIChallenge.Application.csproj", "{3FA12587-57C6-4356-8A18-3C544B6D81AA}"
EndProject
Project("{FAE04EC0-301F-11D3-BF4B-00C04F79EFBC}") = "AuctionAPIChallenge.Tests", "AuctionAPIChallenge.Tests\AuctionAPIChallenge.Tests.csproj", "{1D3A3432-1AE9-48FC-9FAC-6380A7148BF7}"
EndProject
Global
	GlobalSection(SolutionConfigurationPlatforms) = preSolution
		Debug|Any CPU = Debug|Any CPU
		Release|Any CPU = Release|Any CPU
	EndGlobalSection
	GlobalSection(ProjectConfigurationPlatforms) = postSolution
		{4FDEF02B-F878-4511-8E93-9BEDC6C408DA}.Debug|Any CPU.ActiveCfg = Debug|Any CPU
		{4FDEF02B-F878-4511-8E93-9BEDC6C408DA}.Debug|Any CPU.Build.0 = Debug|Any CPU
		{4FDEF02B-F878-4511-8E93-9BEDC6C408DA}.Release|Any CPU.ActiveCfg = Release|Any CPU
		{4FDEF02B-F878-4511-8E93-9BEDC6C408DA}.Release|Any CPU.Build.0 = Release|Any CPU
		{5B18699B-033C-47BB-AA60-215D8152C631}.Debug|Any CPU.ActiveCfg = Debug|Any CPU
		{5B18699B-033C-47BB-AA60-215D8152C631}.Debug|Any CPU.Build.0 = Debug|Any CPU
		{5B18699B-033C-47BB-AA60-215D8152C631}.Release|Any CPU.ActiveCfg = Release|Any CPU
		{5B18699B-033C-47BB-AA60-215D8152C631}.Release|Any CPU.Build.0 = Release|Any CPU
		{3FA12587-57C6-4356-8A18-3C544B6D81AA}.Debug|Any CPU.ActiveCfg = Debug|Any CPU
		{3FA12587-57C6-4356-8A18-3C544B6D81AA}.Debug|Any CPU.Build.0 = Debug|Any CPU
		{3FA12587-57C6-4356-8A18-3C544B6D81AA}.Release|Any CPU.ActiveCfg = Release|Any CPU
		{3FA12587-57C6-4356-8A18-3C544B6D81AA}.Release|Any CPU.Build.0 = Release|Any CPU
		{1D3A3432-1AE9-48FC-9FAC-6380A7148BF7}.Debug|Any CPU.ActiveCfg = Debug|Any CPU
		{1D3A3432-1AE9-48FC-9FAC-6380A7148BF7}.Debug|Any CPU.Build.0 = Debug|Any CPU
		{1D3A3432-1AE9-48FC-9FAC-6380A7148BF7}.Release|Any CPU.ActiveCfg = Release|Any CPU
		{1D3A3432-1AE9-48FC-9FAC-6380A7148BF7}.Release|Any CPU.Build.0 = Release|Any CPU
	EndGlobalSection
	GlobalSection(SolutionProperties) = preSolution
		HideSolutionNode = FALSE
	EndGlobalSection
	GlobalSection(ExtensibilityGlobals) = postSolution
		SolutionGuid = {0E889FC3-4B73-4770-924B-412123B02656}
	EndGlobalSection
EndGlobal
